
Microsoft Visual Studio Solution File, Format Version 12.00
# Visual Studio 15
VisualStudioVersion = 15.0.35213.121
MinimumVisualStudioVersion = 10.0.40219.1
Project("{FAE04EC0-301F-11D3-BF4B-00C04F79EFBC}") = "bilgiyarışmasıproje", "bilgiyarışmasıproje\bilgiyarışmasıproje.csproj", "{F89C62E0-DEDA-46A0-B240-3C7B7F1BC34F}"
EndProject
Global
	GlobalSection(SolutionConfigurationPlatforms) = preSolution
		Debug|Any CPU = Debug|Any CPU
		Release|Any CPU = Release|Any CPU
	EndGlobalSection
	GlobalSection(ProjectConfigurationPlatforms) = postSolution
		{F89C62E0-DEDA-46A0-B240-3C7B7F1BC34F}.Debug|Any CPU.ActiveCfg = Debug|Any CPU
		{F89C62E0-DEDA-46A0-B240-3C7B7F1BC34F}.Debug|Any CPU.Build.0 = Debug|Any CPU
		{F89C62E0-DEDA-46A0-B240-3C7B7F1BC34F}.Release|Any CPU.ActiveCfg = Release|Any CPU
		{F89C62E0-DEDA-46A0-B240-3C7B7F1BC34F}.Release|Any CPU.Build.0 = Release|Any CPU
	EndGlobalSection
	GlobalSection(SolutionProperties) = preSolution
		HideSolutionNode = FALSE
	EndGlobalSection
	GlobalSection(ExtensibilityGlobals) = postSolution
		SolutionGuid = {52C2F2C7-AEAB-4925-ABEB-1FD191E17EAD}
	EndGlobalSection
EndGlobal
